// !$*UTF8*$!
{
	archiveVersion = 1;
	classes = {
	};
	objectVersion = 50;
	objects = {

/* Begin PBXBuildFile section */
		DB38160924A76D800052DFF6 /* AppDelegate.swift in Sources */ = {isa = PBXBuildFile; fileRef = DB38160824A76D800052DFF6 /* AppDelegate.swift */; };
		DB38160B24A76D800052DFF6 /* GameScene.sks in Resources */ = {isa = PBXBuildFile; fileRef = DB38160A24A76D800052DFF6 /* GameScene.sks */; };
		DB38160D24A76D800052DFF6 /* Actions.sks in Resources */ = {isa = PBXBuildFile; fileRef = DB38160C24A76D800052DFF6 /* Actions.sks */; };
		DB38160F24A76D800052DFF6 /* GameScene.swift in Sources */ = {isa = PBXBuildFile; fileRef = DB38160E24A76D800052DFF6 /* GameScene.swift */; };
		DB38161124A76D800052DFF6 /* GameViewController.swift in Sources */ = {isa = PBXBuildFile; fileRef = DB38161024A76D800052DFF6 /* GameViewController.swift */; };
		DB38161424A76D800052DFF6 /* Main.storyboard in Resources */ = {isa = PBXBuildFile; fileRef = DB38161224A76D800052DFF6 /* Main.storyboard */; };
		DB38161624A76D890052DFF6 /* Assets.xcassets in Resources */ = {isa = PBXBuildFile; fileRef = DB38161524A76D890052DFF6 /* Assets.xcassets */; };
		DB38161924A76D890052DFF6 /* LaunchScreen.storyboard in Resources */ = {isa = PBXBuildFile; fileRef = DB38161724A76D890052DFF6 /* LaunchScreen.storyboard */; };
		DB38162124ABA6840052DFF6 /* Skater.swift in Sources */ = {isa = PBXBuildFile; fileRef = DB38162024ABA6840052DFF6 /* Skater.swift */; };
		DBFF796224D07002001D6853 /* MenuLayer.swift in Sources */ = {isa = PBXBuildFile; fileRef = DBFF796124D07002001D6853 /* MenuLayer.swift */; };
		DBFF796724D45F1B001D6853 /* gem.wav in Resources */ = {isa = PBXBuildFile; fileRef = DBFF796524D45F1A001D6853 /* gem.wav */; };
		DBFF796824D45F1B001D6853 /* jump.wav in Resources */ = {isa = PBXBuildFile; fileRef = DBFF796624D45F1A001D6853 /* jump.wav */; };
/* End PBXBuildFile section */

/* Begin PBXFileReference section */
		DB38160524A76D800052DFF6 /* SkateBoard.app */ = {isa = PBXFileReference; explicitFileType = wrapper.application; includeInIndex = 0; path = SkateBoard.app; sourceTree = BUILT_PRODUCTS_DIR; };
		DB38160824A76D800052DFF6 /* AppDelegate.swift */ = {isa = PBXFileReference; lastKnownFileType = sourcecode.swift; path = AppDelegate.swift; sourceTree = "<group>"; };
		DB38160A24A76D800052DFF6 /* GameScene.sks */ = {isa = PBXFileReference; lastKnownFileType = file.sks; path = GameScene.sks; sourceTree = "<group>"; };
		DB38160C24A76D800052DFF6 /* Actions.sks */ = {isa = PBXFileReference; lastKnownFileType = file.sks; path = Actions.sks; sourceTree = "<group>"; };
		DB38160E24A76D800052DFF6 /* GameScene.swift */ = {isa = PBXFileReference; lastKnownFileType = sourcecode.swift; path = GameScene.swift; sourceTree = "<group>"; };
		DB38161024A76D800052DFF6 /* GameViewController.swift */ = {isa = PBXFileReference; lastKnownFileType = sourcecode.swift; path = GameViewController.swift; sourceTree = "<group>"; };
		DB38161324A76D800052DFF6 /* Base */ = {isa = PBXFileReference; lastKnownFileType = file.storyboard; name = Base; path = Base.lproj/Main.storyboard; sourceTree = "<group>"; };
		DB38161524A76D890052DFF6 /* Assets.xcassets */ = {isa = PBXFileReference; lastKnownFileType = folder.assetcatalog; path = Assets.xcassets; sourceTree = "<group>"; };
		DB38161824A76D890052DFF6 /* Base */ = {isa = PBXFileReference; lastKnownFileType = file.storyboard; name = Base; path = Base.lproj/LaunchScreen.storyboard; sourceTree = "<group>"; };
		DB38161A24A76D890052DFF6 /* Info.plist */ = {isa = PBXFileReference; lastKnownFileType = text.plist.xml; path = Info.plist; sourceTree = "<group>"; };
		DB38162024ABA6840052DFF6 /* Skater.swift */ = {isa = PBXFileReference; lastKnownFileType = sourcecode.swift; path = Skater.swift; sourceTree = "<group>"; };
		DBFF796124D07002001D6853 /* MenuLayer.swift */ = {isa = PBXFileReference; lastKnownFileType = sourcecode.swift; path = MenuLayer.swift; sourceTree = "<group>"; };
		DBFF796524D45F1A001D6853 /* gem.wav */ = {isa = PBXFileReference; lastKnownFileType = audio.wav; path = gem.wav; sourceTree = "<group>"; };
		DBFF796624D45F1A001D6853 /* jump.wav */ = {isa = PBXFileReference; lastKnownFileType = audio.wav; path = jump.wav; sourceTree = "<group>"; };
/* End PBXFileReference section */

/* Begin PBXFrameworksBuildPhase section */
		DB38160224A76D800052DFF6 /* Frameworks */ = {
			isa = PBXFrameworksBuildPhase;
			buildActionMask = 2147483647;
			files = (
			);
			runOnlyForDeploymentPostprocessing = 0;
		};
/* End PBXFrameworksBuildPhase section */

/* Begin PBXGroup section */
		DB3815FC24A76D800052DFF6 = {
			isa = PBXGroup;
			children = (
				DB38160724A76D800052DFF6 /* SkateBoard */,
				DB38160624A76D800052DFF6 /* Products */,
			);
			sourceTree = "<group>";
		};
		DB38160624A76D800052DFF6 /* Products */ = {
			isa = PBXGroup;
			children = (
				DB38160524A76D800052DFF6 /* SkateBoard.app */,
			);
			name = Products;
			sourceTree = "<group>";
		};
		DB38160724A76D800052DFF6 /* SkateBoard */ = {
			isa = PBXGroup;
			children = (
				DB38160824A76D800052DFF6 /* AppDelegate.swift */,
				DB38160A24A76D800052DFF6 /* GameScene.sks */,
				DB38160C24A76D800052DFF6 /* Actions.sks */,
				DB38160E24A76D800052DFF6 /* GameScene.swift */,
				DBFF796124D07002001D6853 /* MenuLayer.swift */,
				DB38161024A76D800052DFF6 /* GameViewController.swift */,
				DB38162024ABA6840052DFF6 /* Skater.swift */,
				DB38161224A76D800052DFF6 /* Main.storyboard */,
				DB38161524A76D890052DFF6 /* Assets.xcassets */,
				DBFF796524D45F1A001D6853 /* gem.wav */,
				DBFF796624D45F1A001D6853 /* jump.wav */,
				DB38161724A76D890052DFF6 /* LaunchScreen.storyboard */,
				DB38161A24A76D890052DFF6 /* Info.plist */,
			);
			path = SkateBoard;
			sourceTree = "<group>";
		};
/* End PBXGroup section */

/* Begin PBXNativeTarget section */
		DB38160424A76D800052DFF6 /* SkateBoard */ = {
			isa = PBXNativeTarget;
			buildConfigurationList = DB38161D24A76D890052DFF6 /* Build configuration list for PBXNativeTarget "SkateBoard" */;
			buildPhases = (
				DB38160124A76D800052DFF6 /* Sources */,
				DB38160224A76D800052DFF6 /* Frameworks */,
				DB38160324A76D800052DFF6 /* Resources */,
			);
			buildRules = (
			);
			dependencies = (
			);
			name = SkateBoard;
			productName = SkateBoard;
			productReference = DB38160524A76D800052DFF6 /* SkateBoard.app */;
			productType = "com.apple.product-type.application";
		};
/* End PBXNativeTarget section */

/* Begin PBXProject section */
		DB3815FD24A76D800052DFF6 /* Project object */ = {
			isa = PBXProject;
			attributes = {
				LastSwiftUpdateCheck = 1150;
				LastUpgradeCheck = 1150;
				ORGANIZATIONNAME = "Oleksandr Solokha";
				TargetAttributes = {
					DB38160424A76D800052DFF6 = {
						CreatedOnToolsVersion = 11.5;
					};
				};
			};
			buildConfigurationList = DB38160024A76D800052DFF6 /* Build configuration list for PBXProject "SkateBoard" */;
			compatibilityVersion = "Xcode 9.3";
			developmentRegion = en;
			hasScannedForEncodings = 0;
			knownRegions = (
				en,
				Base,
			);
			mainGroup = DB3815FC24A76D800052DFF6;
			productRefGroup = DB38160624A76D800052DFF6 /* Products */;
			projectDirPath = "";
			projectRoot = "";
			targets = (
				DB38160424A76D800052DFF6 /* SkateBoard */,
			);
		};
/* End PBXProject section */

/* Begin PBXResourcesBuildPhase section */
		DB38160324A76D800052DFF6 /* Resources */ = {
			isa = PBXResourcesBuildPhase;
			buildActionMask = 2147483647;
			files = (
				DBFF796724D45F1B001D6853 /* gem.wav in Resources */,
				DB38161424A76D800052DFF6 /* Main.storyboard in Resources */,
				DB38160B24A76D800052DFF6 /* GameScene.sks in Resources */,
				DBFF796824D45F1B001D6853 /* jump.wav in Resources */,
				DB38161624A76D890052DFF6 /* Assets.xcassets in Resources */,
				DB38161924A76D890052DFF6 /* LaunchScreen.storyboard in Resources */,
				DB38160D24A76D800052DFF6 /* Actions.sks in Resources */,
			);
			runOnlyForDeploymentPostprocessing = 0;
		};
/* End PBXResourcesBuildPhase section */

/* Begin PBXSourcesBuildPhase section */
		DB38160124A76D800052DFF6 /* Sources */ = {
			isa = PBXSourcesBuildPhase;
			buildActionMask = 2147483647;
			files = (
				DB38160F24A76D800052DFF6 /* GameScene.swift in Sources */,
				DB38162124ABA6840052DFF6 /* Skater.swift in Sources */,
				DBFF796224D07002001D6853 /* MenuLayer.swift in Sources */,
				DB38161124A76D800052DFF6 /* GameViewController.swift in Sources */,
				DB38160924A76D800052DFF6 /* AppDelegate.swift in Sources */,
			);
			runOnlyForDeploymentPostprocessing = 0;
		};
/* End PBXSourcesBuildPhase section */

/* Begin PBXVariantGroup section */
		DB38161224A76D800052DFF6 /* Main.storyboard */ = {
			isa = PBXVariantGroup;
			children = (
				DB38161324A76D800052DFF6 /* Base */,
			);
			name = Main.storyboard;
			sourceTree = "<group>";
		};
		DB38161724A76D890052DFF6 /* LaunchScreen.storyboard */ = {
			isa = PBXVariantGroup;
			children = (
				DB38161824A76D890052DFF6 /* Base */,
			);
			name = LaunchScreen.storyboard;
			sourceTree = "<group>";
		};
/* End PBXVariantGroup section */

/* Begin XCBuildConfiguration section */
		DB38161B24A76D890052DFF6 /* Debug */ = {
			isa = XCBuildConfiguration;
			buildSettings = {
				ALWAYS_SEARCH_USER_PATHS = NO;
				CLANG_ANALYZER_NONNULL = YES;
				CLANG_ANALYZER_NUMBER_OBJECT_CONVERSION = YES_AGGRESSIVE;
				CLANG_CXX_LANGUAGE_STANDARD = "gnu++14";
				CLANG_CXX_LIBRARY = "libc++";
				CLANG_ENABLE_MODULES = YES;
				CLANG_ENABLE_OBJC_ARC = YES;
				CLANG_ENABLE_OBJC_WEAK = YES;
				CLANG_WARN_BLOCK_CAPTURE_AUTORELEASING = YES;
				CLANG_WARN_BOOL_CONVERSION = YES;
				CLANG_WARN_COMMA = YES;
				CLANG_WARN_CONSTANT_CONVERSION = YES;
				CLANG_WARN_DEPRECATED_OBJC_IMPLEMENTATIONS = YES;
				CLANG_WARN_DIRECT_OBJC_ISA_USAGE = YES_ERROR;
				CLANG_WARN_DOCUMENTATION_COMMENTS = YES;
				CLANG_WARN_EMPTY_BODY = YES;
				CLANG_WARN_ENUM_CONVERSION = YES;
				CLANG_WARN_INFINITE_RECURSION = YES;
				CLANG_WARN_INT_CONVERSION = YES;
				CLANG_WARN_NON_LITERAL_NULL_CONVERSION = YES;
				CLANG_WARN_OBJC_IMPLICIT_RETAIN_SELF = YES;
				CLANG_WARN_OBJC_LITERAL_CONVERSION = YES;
				CLANG_WARN_OBJC_ROOT_CLASS = YES_ERROR;
				CLANG_WARN_RANGE_LOOP_ANALYSIS = YES;
				CLANG_WARN_STRICT_PROTOTYPES = YES;
				CLANG_WARN_SUSPICIOUS_MOVE = YES;
				CLANG_WARN_UNGUARDED_AVAILABILITY = YES_AGGRESSIVE;
				CLANG_WARN_UNREACHABLE_CODE = YES;
				CLANG_WARN__DUPLICATE_METHOD_MATCH = YES;
				COPY_PHASE_STRIP = NO;
				DEBUG_INFORMATION_FORMAT = dwarf;
				ENABLE_STRICT_OBJC_MSGSEND = YES;
				ENABLE_TESTABILITY = YES;
				GCC_C_LANGUAGE_STANDARD = gnu11;
				GCC_DYNAMIC_NO_PIC = NO;
				GCC_NO_COMMON_BLOCKS = YES;
				GCC_OPTIMIZATION_LEVEL = 0;
				GCC_PREPROCESSOR_DEFINITIONS = (
					"DEBUG=1",
					"$(inherited)",
				);
				GCC_WARN_64_TO_32_BIT_CONVERSION = YES;
				GCC_WARN_ABOUT_RETURN_TYPE = YES_ERROR;
				GCC_WARN_UNDECLARED_SELECTOR = YES;
				GCC_WARN_UNINITIALIZED_AUTOS = YES_AGGRESSIVE;
				GCC_WARN_UNUSED_FUNCTION = YES;
				GCC_WARN_UNUSED_VARIABLE = YES;
				IPHONEOS_DEPLOYMENT_TARGET = 13.5;
				MTL_ENABLE_DEBUG_INFO = INCLUDE_SOURCE;
				MTL_FAST_MATH = YES;
				ONLY_ACTIVE_ARCH = YES;
				SDKROOT = iphoneos;
				SWIFT_ACTIVE_COMPILATION_CONDITIONS = DEBUG;
				SWIFT_OPTIMIZATION_LEVEL = "-Onone";
			};
			name = Debug;
		};
		DB38161C24A76D890052DFF6 /* Release */ = {
			isa = XCBuildConfiguration;
			buildSettings = {
				ALWAYS_SEARCH_USER_PATHS = NO;
				CLANG_ANALYZER_NONNULL = YES;
				CLANG_ANALYZER_NUMBER_OBJECT_CONVERSION = YES_AGGRESSIVE;
				CLANG_CXX_LANGUAGE_STANDARD = "gnu++14";
				CLANG_CXX_LIBRARY = "libc++";
				CLANG_ENABLE_MODULES = YES;
				CLANG_ENABLE_OBJC_ARC = YES;
				CLANG_ENABLE_OBJC_WEAK = YES;
				CLANG_WARN_BLOCK_CAPTURE_AUTORELEASING = YES;
				CLANG_WARN_BOOL_CONVERSION = YES;
				CLANG_WARN_COMMA = YES;
				CLANG_WARN_CONSTANT_CONVERSION = YES;
				CLANG_WARN_DEPRECATED_OBJC_IMPLEMENTATIONS = YES;
				CLANG_WARN_DIRECT_OBJC_ISA_USAGE = YES_ERROR;
				CLANG_WARN_DOCUMENTATION_COMMENTS = YES;
				CLANG_WARN_EMPTY_BODY = YES;
				CLANG_WARN_ENUM_CONVERSION = YES;
				CLANG_WARN_INFINITE_RECURSION = YES;
				CLANG_WARN_INT_CONVERSION = YES;
				CLANG_WARN_NON_LITERAL_NULL_CONVERSION = YES;
				CLANG_WARN_OBJC_IMPLICIT_RETAIN_SELF = YES;
				CLANG_WARN_OBJC_LITERAL_CONVERSION = YES;
				CLANG_WARN_OBJC_ROOT_CLASS = YES_ERROR;
				CLANG_WARN_RANGE_LOOP_ANALYSIS = YES;
				CLANG_WARN_STRICT_PROTOTYPES = YES;
				CLANG_WARN_SUSPICIOUS_MOVE = YES;
				CLANG_WARN_UNGUARDED_AVAILABILITY = YES_AGGRESSIVE;
				CLANG_WARN_UNREACHABLE_CODE = YES;
				CLANG_WARN__DUPLICATE_METHOD_MATCH = YES;
				COPY_PHASE_STRIP = NO;
				DEBUG_INFORMATION_FORMAT = "dwarf-with-dsym";
				ENABLE_NS_ASSERTIONS = NO;
				ENABLE_STRICT_OBJC_MSGSEND = YES;
				GCC_C_LANGUAGE_STANDARD = gnu11;
				GCC_NO_COMMON_BLOCKS = YES;
				GCC_WARN_64_TO_32_BIT_CONVERSION = YES;
				GCC_WARN_ABOUT_RETURN_TYPE = YES_ERROR;
				GCC_WARN_UNDECLARED_SELECTOR = YES;
				GCC_WARN_UNINITIALIZED_AUTOS = YES_AGGRESSIVE;
				GCC_WARN_UNUSED_FUNCTION = YES;
				GCC_WARN_UNUSED_VARIABLE = YES;
				IPHONEOS_DEPLOYMENT_TARGET = 13.5;
				MTL_ENABLE_DEBUG_INFO = NO;
				MTL_FAST_MATH = YES;
				SDKROOT = iphoneos;
				SWIFT_COMPILATION_MODE = wholemodule;
				SWIFT_OPTIMIZATION_LEVEL = "-O";
				VALIDATE_PRODUCT = YES;
			};
			name = Release;
		};
		DB38161E24A76D890052DFF6 /* Debug */ = {
			isa = XCBuildConfiguration;
			buildSettings = {
				ASSETCATALOG_COMPILER_APPICON_NAME = AppIcon;
				CODE_SIGN_STYLE = Automatic;
				DEVELOPMENT_TEAM = X8NNCQ3HW6;
				INFOPLIST_FILE = SkateBoard/Info.plist;
				LD_RUNPATH_SEARCH_PATHS = (
					"$(inherited)",
					"@executable_path/Frameworks",
				);
				PRODUCT_BUNDLE_IDENTIFIER = "Oleksandr-Solokha.SkateBoard";
				PRODUCT_NAME = "$(TARGET_NAME)";
				SWIFT_VERSION = 5.0;
				TARGETED_DEVICE_FAMILY = 1;
			};
			name = Debug;
		};
		DB38161F24A76D890052DFF6 /* Release */ = {
			isa = XCBuildConfiguration;
			buildSettings = {
				ASSETCATALOG_COMPILER_APPICON_NAME = AppIcon;
				CODE_SIGN_STYLE = Automatic;
				DEVELOPMENT_TEAM = X8NNCQ3HW6;
				INFOPLIST_FILE = SkateBoard/Info.plist;
				LD_RUNPATH_SEARCH_PATHS = (
					"$(inherited)",
					"@executable_path/Frameworks",
				);
				PRODUCT_BUNDLE_IDENTIFIER = "Oleksandr-Solokha.SkateBoard";
				PRODUCT_NAME = "$(TARGET_NAME)";
				SWIFT_VERSION = 5.0;
				TARGETED_DEVICE_FAMILY = 1;
			};
			name = Release;
		};
/* End XCBuildConfiguration section */

/* Begin XCConfigurationList section */
		DB38160024A76D800052DFF6 /* Build configuration list for PBXProject "SkateBoard" */ = {
			isa = XCConfigurationList;
			buildConfigurations = (
				DB38161B24A76D890052DFF6 /* Debug */,
				DB38161C24A76D890052DFF6 /* Release */,
			);
			defaultConfigurationIsVisible = 0;
			defaultConfigurationName = Release;
		};
		DB38161D24A76D890052DFF6 /* Build configuration list for PBXNativeTarget "SkateBoard" */ = {
			isa = XCConfigurationList;
			buildConfigurations = (
				DB38161E24A76D890052DFF6 /* Debug */,
				DB38161F24A76D890052DFF6 /* Release */,
			);
			defaultConfigurationIsVisible = 0;
			defaultConfigurationName = Release;
		};
/* End XCConfigurationList section */
	};
	rootObject = DB3815FD24A76D800052DFF6 /* Project object */;
}
